// !$*UTF8*$!
{
	archiveVersion = 1;
	classes = {
	};
	objectVersion = 55;
	objects = {

/* Begin PBXBuildFile section */
		AA743B1728227DD100CE4E1F /* TestApp.swift in Sources */ = {isa = PBXBuildFile; fileRef = AA743B1628227DD100CE4E1F /* TestApp.swift */; };
		AA743B1928227DD100CE4E1F /* ContentView.swift in Sources */ = {isa = PBXBuildFile; fileRef = AA743B1828227DD100CE4E1F /* ContentView.swift */; };
		AA743B1B28227DD200CE4E1F /* Assets.xcassets in Resources */ = {isa = PBXBuildFile; fileRef = AA743B1A28227DD200CE4E1F /* Assets.xcassets */; };
		AA743B1E28227DD200CE4E1F /* Preview Assets.xcassets in Resources */ = {isa = PBXBuildFile; fileRef = AA743B1D28227DD200CE4E1F /* Preview Assets.xcassets */; };
		AA743B2828227DD200CE4E1F /* TestTests.swift in Sources */ = {isa = PBXBuildFile; fileRef = AA743B2728227DD200CE4E1F /* TestTests.swift */; };
		AA743B3228227DD200CE4E1F /* TestUITests.swift in Sources */ = {isa = PBXBuildFile; fileRef = AA743B3128227DD200CE4E1F /* TestUITests.swift */; };
		AA743B3428227DD200CE4E1F /* TestUITestsLaunchTests.swift in Sources */ = {isa = PBXBuildFile; fileRef = AA743B3328227DD200CE4E1F /* TestUITestsLaunchTests.swift */; };
/* End PBXBuildFile section */

/* Begin PBXContainerItemProxy section */
		AA743B2428227DD200CE4E1F /* PBXContainerItemProxy */ = {
			isa = PBXContainerItemProxy;
			containerPortal = AA743B0B28227DD100CE4E1F /* Project object */;
			proxyType = 1;
			remoteGlobalIDString = AA743B1228227DD100CE4E1F;
			remoteInfo = Test;
		};
		AA743B2E28227DD200CE4E1F /* PBXContainerItemProxy */ = {
			isa = PBXContainerItemProxy;
			containerPortal = AA743B0B28227DD100CE4E1F /* Project object */;
			proxyType = 1;
			remoteGlobalIDString = AA743B1228227DD100CE4E1F;
			remoteInfo = Test;
		};
/* End PBXContainerItemProxy section */

/* Begin PBXFileReference section */
		AA743B1328227DD100CE4E1F /* SwiftUI-List-Witout-Padding.app */ = {isa = PBXFileReference; explicitFileType = wrapper.application; includeInIndex = 0; path = "SwiftUI-List-Witout-Padding.app"; sourceTree = BUILT_PRODUCTS_DIR; };
		AA743B1628227DD100CE4E1F /* TestApp.swift */ = {isa = PBXFileReference; lastKnownFileType = sourcecode.swift; path = TestApp.swift; sourceTree = "<group>"; };
		AA743B1828227DD100CE4E1F /* ContentView.swift */ = {isa = PBXFileReference; lastKnownFileType = sourcecode.swift; path = ContentView.swift; sourceTree = "<group>"; };
		AA743B1A28227DD200CE4E1F /* Assets.xcassets */ = {isa = PBXFileReference; lastKnownFileType = folder.assetcatalog; path = Assets.xcassets; sourceTree = "<group>"; };
		AA743B1D28227DD200CE4E1F /* Preview Assets.xcassets */ = {isa = PBXFileReference; lastKnownFileType = folder.assetcatalog; path = "Preview Assets.xcassets"; sourceTree = "<group>"; };
		AA743B2328227DD200CE4E1F /* SwiftUI-Without-PaddingSwiftUI-Without-Paddings.xctest */ = {isa = PBXFileReference; explicitFileType = wrapper.cfbundle; includeInIndex = 0; path = "SwiftUI-Without-PaddingSwiftUI-Without-Paddings.xctest"; sourceTree = BUILT_PRODUCTS_DIR; };
		AA743B2728227DD200CE4E1F /* TestTests.swift */ = {isa = PBXFileReference; lastKnownFileType = sourcecode.swift; path = TestTests.swift; sourceTree = "<group>"; };
		AA743B2D28227DD200CE4E1F /* SwiftUI-Without-PaddingUISwiftUI-Without-Paddings.xctest */ = {isa = PBXFileReference; explicitFileType = wrapper.cfbundle; includeInIndex = 0; path = "SwiftUI-Without-PaddingUISwiftUI-Without-Paddings.xctest"; sourceTree = BUILT_PRODUCTS_DIR; };
		AA743B3128227DD200CE4E1F /* TestUITests.swift */ = {isa = PBXFileReference; lastKnownFileType = sourcecode.swift; path = TestUITests.swift; sourceTree = "<group>"; };
		AA743B3328227DD200CE4E1F /* TestUITestsLaunchTests.swift */ = {isa = PBXFileReference; lastKnownFileType = sourcecode.swift; path = TestUITestsLaunchTests.swift; sourceTree = "<group>"; };
/* End PBXFileReference section */

/* Begin PBXFrameworksBuildPhase section */
		AA743B1028227DD100CE4E1F /* Frameworks */ = {
			isa = PBXFrameworksBuildPhase;
			buildActionMask = 2147483647;
			files = (
			);
			runOnlyForDeploymentPostprocessing = 0;
		};
		AA743B2028227DD200CE4E1F /* Frameworks */ = {
			isa = PBXFrameworksBuildPhase;
			buildActionMask = 2147483647;
			files = (
			);
			runOnlyForDeploymentPostprocessing = 0;
		};
		AA743B2A28227DD200CE4E1F /* Frameworks */ = {
			isa = PBXFrameworksBuildPhase;
			buildActionMask = 2147483647;
			files = (
			);
			runOnlyForDeploymentPostprocessing = 0;
		};
/* End PBXFrameworksBuildPhase section */

/* Begin PBXGroup section */
		AA743B0A28227DD100CE4E1F = {
			isa = PBXGroup;
			children = (
				AA743B1528227DD100CE4E1F /* Test */,
				AA743B2628227DD200CE4E1F /* TestTests */,
				AA743B3028227DD200CE4E1F /* TestUITests */,
				AA743B1428227DD100CE4E1F /* Products */,
			);
			sourceTree = "<group>";
		};
		AA743B1428227DD100CE4E1F /* Products */ = {
			isa = PBXGroup;
			children = (
				AA743B1328227DD100CE4E1F /* SwiftUI-List-Witout-Padding.app */,
				AA743B2328227DD200CE4E1F /* SwiftUI-Without-PaddingSwiftUI-Without-Paddings.xctest */,
				AA743B2D28227DD200CE4E1F /* SwiftUI-Without-PaddingUISwiftUI-Without-Paddings.xctest */,
			);
			name = Products;
			sourceTree = "<group>";
		};
		AA743B1528227DD100CE4E1F /* Test */ = {
			isa = PBXGroup;
			children = (
				AA743B1628227DD100CE4E1F /* TestApp.swift */,
				AA743B1828227DD100CE4E1F /* ContentView.swift */,
				AA743B1A28227DD200CE4E1F /* Assets.xcassets */,
				AA743B1C28227DD200CE4E1F /* Preview Content */,
			);
			path = Test;
			sourceTree = "<group>";
		};
		AA743B1C28227DD200CE4E1F /* Preview Content */ = {
			isa = PBXGroup;
			children = (
				AA743B1D28227DD200CE4E1F /* Preview Assets.xcassets */,
			);
			path = "Preview Content";
			sourceTree = "<group>";
		};
		AA743B2628227DD200CE4E1F /* TestTests */ = {
			isa = PBXGroup;
			children = (
				AA743B2728227DD200CE4E1F /* TestTests.swift */,
			);
			path = TestTests;
			sourceTree = "<group>";
		};
		AA743B3028227DD200CE4E1F /* TestUITests */ = {
			isa = PBXGroup;
			children = (
				AA743B3128227DD200CE4E1F /* TestUITests.swift */,
				AA743B3328227DD200CE4E1F /* TestUITestsLaunchTests.swift */,
			);
			path = TestUITests;
			sourceTree = "<group>";
		};
/* End PBXGroup section */

/* Begin PBXNativeTarget section */
		AA743B1228227DD100CE4E1F /* SwiftUI-Without-Padding */ = {
			isa = PBXNativeTarget;
			buildConfigurationList = AA743B3728227DD200CE4E1F /* Build configuration list for PBXNativeTarget "SwiftUI-Without-Padding" */;
			buildPhases = (
				AA743B0F28227DD100CE4E1F /* Sources */,
				AA743B1028227DD100CE4E1F /* Frameworks */,
				AA743B1128227DD100CE4E1F /* Resources */,
			);
			buildRules = (
			);
			dependencies = (
			);
			name = "SwiftUI-Without-Padding";
			productName = Test;
			productReference = AA743B1328227DD100CE4E1F /* SwiftUI-List-Witout-Padding.app */;
			productType = "com.apple.product-type.application";
		};
		AA743B2228227DD200CE4E1F /* SwiftUI-Without-PaddingSwiftUI-Without-Paddings */ = {
			isa = PBXNativeTarget;
			buildConfigurationList = AA743B3A28227DD200CE4E1F /* Build configuration list for PBXNativeTarget "SwiftUI-Without-PaddingSwiftUI-Without-Paddings" */;
			buildPhases = (
				AA743B1F28227DD200CE4E1F /* Sources */,
				AA743B2028227DD200CE4E1F /* Frameworks */,
				AA743B2128227DD200CE4E1F /* Resources */,
			);
			buildRules = (
			);
			dependencies = (
				AA743B2528227DD200CE4E1F /* PBXTargetDependency */,
			);
			name = "SwiftUI-Without-PaddingSwiftUI-Without-Paddings";
			productName = TestTests;
			productReference = AA743B2328227DD200CE4E1F /* SwiftUI-Without-PaddingSwiftUI-Without-Paddings.xctest */;
			productType = "com.apple.product-type.bundle.unit-test";
		};
		AA743B2C28227DD200CE4E1F /* SwiftUI-Without-PaddingUISwiftUI-Without-Paddings */ = {
			isa = PBXNativeTarget;
			buildConfigurationList = AA743B3D28227DD200CE4E1F /* Build configuration list for PBXNativeTarget "SwiftUI-Without-PaddingUISwiftUI-Without-Paddings" */;
			buildPhases = (
				AA743B2928227DD200CE4E1F /* Sources */,
				AA743B2A28227DD200CE4E1F /* Frameworks */,
				AA743B2B28227DD200CE4E1F /* Resources */,
			);
			buildRules = (
			);
			dependencies = (
				AA743B2F28227DD200CE4E1F /* PBXTargetDependency */,
			);
			name = "SwiftUI-Without-PaddingUISwiftUI-Without-Paddings";
			productName = TestUITests;
			productReference = AA743B2D28227DD200CE4E1F /* SwiftUI-Without-PaddingUISwiftUI-Without-Paddings.xctest */;
			productType = "com.apple.product-type.bundle.ui-testing";
		};
/* End PBXNativeTarget section */

/* Begin PBXProject section */
		AA743B0B28227DD100CE4E1F /* Project object */ = {
			isa = PBXProject;
			attributes = {
				BuildIndependentTargetsInParallel = 1;
				LastSwiftUpdateCheck = 1330;
				LastUpgradeCheck = 1330;
				TargetAttributes = {
					AA743B1228227DD100CE4E1F = {
						CreatedOnToolsVersion = 13.3;
					};
					AA743B2228227DD200CE4E1F = {
						CreatedOnToolsVersion = 13.3;
						TestTargetID = AA743B1228227DD100CE4E1F;
					};
					AA743B2C28227DD200CE4E1F = {
						CreatedOnToolsVersion = 13.3;
						TestTargetID = AA743B1228227DD100CE4E1F;
					};
				};
			};
			buildConfigurationList = AA743B0E28227DD100CE4E1F /* Build configuration list for PBXProject "SwiftUI-Without-Padding" */;
			compatibilityVersion = "Xcode 13.0";
			developmentRegion = en;
			hasScannedForEncodings = 0;
			knownRegions = (
				en,
				Base,
			);
			mainGroup = AA743B0A28227DD100CE4E1F;
			productRefGroup = AA743B1428227DD100CE4E1F /* Products */;
			projectDirPath = "";
			projectRoot = "";
			targets = (
				AA743B1228227DD100CE4E1F /* SwiftUI-Without-Padding */,
				AA743B2228227DD200CE4E1F /* SwiftUI-Without-PaddingSwiftUI-Without-Paddings */,
				AA743B2C28227DD200CE4E1F /* SwiftUI-Without-PaddingUISwiftUI-Without-Paddings */,
			);
		};
/* End PBXProject section */

/* Begin PBXResourcesBuildPhase section */
		AA743B1128227DD100CE4E1F /* Resources */ = {
			isa = PBXResourcesBuildPhase;
			buildActionMask = 2147483647;
			files = (
				AA743B1E28227DD200CE4E1F /* Preview Assets.xcassets in Resources */,
				AA743B1B28227DD200CE4E1F /* Assets.xcassets in Resources */,
			);
			runOnlyForDeploymentPostprocessing = 0;
		};
		AA743B2128227DD200CE4E1F /* Resources */ = {
			isa = PBXResourcesBuildPhase;
			buildActionMask = 2147483647;
			files = (
			);
			runOnlyForDeploymentPostprocessing = 0;
		};
		AA743B2B28227DD200CE4E1F /* Resources */ = {
			isa = PBXResourcesBuildPhase;
			buildActionMask = 2147483647;
			files = (
			);
			runOnlyForDeploymentPostprocessing = 0;
		};
/* End PBXResourcesBuildPhase section */

/* Begin PBXSourcesBuildPhase section */
		AA743B0F28227DD100CE4E1F /* Sources */ = {
			isa = PBXSourcesBuildPhase;
			buildActionMask = 2147483647;
			files = (
				AA743B1928227DD100CE4E1F /* ContentView.swift in Sources */,
				AA743B1728227DD100CE4E1F /* TestApp.swift in Sources */,
			);
			runOnlyForDeploymentPostprocessing = 0;
		};
		AA743B1F28227DD200CE4E1F /* Sources */ = {
			isa = PBXSourcesBuildPhase;
			buildActionMask = 2147483647;
			files = (
				AA743B2828227DD200CE4E1F /* TestTests.swift in Sources */,
			);
			runOnlyForDeploymentPostprocessing = 0;
		};
		AA743B2928227DD200CE4E1F /* Sources */ = {
			isa = PBXSourcesBuildPhase;
			buildActionMask = 2147483647;
			files = (
				AA743B3428227DD200CE4E1F /* TestUITestsLaunchTests.swift in Sources */,
				AA743B3228227DD200CE4E1F /* TestUITests.swift in Sources */,
			);
			runOnlyForDeploymentPostprocessing = 0;
		};
/* End PBXSourcesBuildPhase section */

/* Begin PBXTargetDependency section */
		AA743B2528227DD200CE4E1F /* PBXTargetDependency */ = {
			isa = PBXTargetDependency;
			target = AA743B1228227DD100CE4E1F /* SwiftUI-Without-Padding */;
			targetProxy = AA743B2428227DD200CE4E1F /* PBXContainerItemProxy */;
		};
		AA743B2F28227DD200CE4E1F /* PBXTargetDependency */ = {
			isa = PBXTargetDependency;
			target = AA743B1228227DD100CE4E1F /* SwiftUI-Without-Padding */;
			targetProxy = AA743B2E28227DD200CE4E1F /* PBXContainerItemProxy */;
		};
/* End PBXTargetDependency section */

/* Begin XCBuildConfiguration section */
		AA743B3528227DD200CE4E1F /* Debug */ = {
			isa = XCBuildConfiguration;
			buildSettings = {
				ALWAYS_SEARCH_USER_PATHS = NO;
				CLANG_ANALYZER_NONNULL = YES;
				CLANG_ANALYZER_NUMBER_OBJECT_CONVERSION = YES_AGGRESSIVE;
				CLANG_CXX_LANGUAGE_STANDARD = "gnu++17";
				CLANG_ENABLE_MODULES = YES;
				CLANG_ENABLE_OBJC_ARC = YES;
				CLANG_ENABLE_OBJC_WEAK = YES;
				CLANG_WARN_BLOCK_CAPTURE_AUTORELEASING = YES;
				CLANG_WARN_BOOL_CONVERSION = YES;
				CLANG_WARN_COMMA = YES;
				CLANG_WARN_CONSTANT_CONVERSION = YES;
				CLANG_WARN_DEPRECATED_OBJC_IMPLEMENTATIONS = YES;
				CLANG_WARN_DIRECT_OBJC_ISA_USAGE = YES_ERROR;
				CLANG_WARN_DOCUMENTATION_COMMENTS = YES;
				CLANG_WARN_EMPTY_BODY = YES;
				CLANG_WARN_ENUM_CONVERSION = YES;
				CLANG_WARN_INFINITE_RECURSION = YES;
				CLANG_WARN_INT_CONVERSION = YES;
				CLANG_WARN_NON_LITERAL_NULL_CONVERSION = YES;
				CLANG_WARN_OBJC_IMPLICIT_RETAIN_SELF = YES;
				CLANG_WARN_OBJC_LITERAL_CONVERSION = YES;
				CLANG_WARN_OBJC_ROOT_CLASS = YES_ERROR;
				CLANG_WARN_QUOTED_INCLUDE_IN_FRAMEWORK_HEADER = YES;
				CLANG_WARN_RANGE_LOOP_ANALYSIS = YES;
				CLANG_WARN_STRICT_PROTOTYPES = YES;
				CLANG_WARN_SUSPICIOUS_MOVE = YES;
				CLANG_WARN_UNGUARDED_AVAILABILITY = YES_AGGRESSIVE;
				CLANG_WARN_UNREACHABLE_CODE = YES;
				CLANG_WARN__DUPLICATE_METHOD_MATCH = YES;
				COPY_PHASE_STRIP = NO;
				DEBUG_INFORMATION_FORMAT = dwarf;
				ENABLE_STRICT_OBJC_MSGSEND = YES;
				ENABLE_TESTABILITY = YES;
				GCC_C_LANGUAGE_STANDARD = gnu11;
				GCC_DYNAMIC_NO_PIC = NO;
				GCC_NO_COMMON_BLOCKS = YES;
				GCC_OPTIMIZATION_LEVEL = 0;
				GCC_PREPROCESSOR_DEFINITIONS = (
					"DEBUG=1",
					"$(inherited)",
				);
				GCC_WARN_64_TO_32_BIT_CONVERSION = YES;
				GCC_WARN_ABOUT_RETURN_TYPE = YES_ERROR;
				GCC_WARN_UNDECLARED_SELECTOR = YES;
				GCC_WARN_UNINITIALIZED_AUTOS = YES_AGGRESSIVE;
				GCC_WARN_UNUSED_FUNCTION = YES;
				GCC_WARN_UNUSED_VARIABLE = YES;
				IPHONEOS_DEPLOYMENT_TARGET = 15.4;
				MTL_ENABLE_DEBUG_INFO = INCLUDE_SOURCE;
				MTL_FAST_MATH = YES;
				ONLY_ACTIVE_ARCH = YES;
				SDKROOT = iphoneos;
				SWIFT_ACTIVE_COMPILATION_CONDITIONS = DEBUG;
				SWIFT_OPTIMIZATION_LEVEL = "-Onone";
			};
			name = Debug;
		};
		AA743B3628227DD200CE4E1F /* Release */ = {
			isa = XCBuildConfiguration;
			buildSettings = {
				ALWAYS_SEARCH_USER_PATHS = NO;
				CLANG_ANALYZER_NONNULL = YES;
				CLANG_ANALYZER_NUMBER_OBJECT_CONVERSION = YES_AGGRESSIVE;
				CLANG_CXX_LANGUAGE_STANDARD = "gnu++17";
				CLANG_ENABLE_MODULES = YES;
				CLANG_ENABLE_OBJC_ARC = YES;
				CLANG_ENABLE_OBJC_WEAK = YES;
				CLANG_WARN_BLOCK_CAPTURE_AUTORELEASING = YES;
				CLANG_WARN_BOOL_CONVERSION = YES;
				CLANG_WARN_COMMA = YES;
				CLANG_WARN_CONSTANT_CONVERSION = YES;
				CLANG_WARN_DEPRECATED_OBJC_IMPLEMENTATIONS = YES;
				CLANG_WARN_DIRECT_OBJC_ISA_USAGE = YES_ERROR;
				CLANG_WARN_DOCUMENTATION_COMMENTS = YES;
				CLANG_WARN_EMPTY_BODY = YES;
				CLANG_WARN_ENUM_CONVERSION = YES;
				CLANG_WARN_INFINITE_RECURSION = YES;
				CLANG_WARN_INT_CONVERSION = YES;
				CLANG_WARN_NON_LITERAL_NULL_CONVERSION = YES;
				CLANG_WARN_OBJC_IMPLICIT_RETAIN_SELF = YES;
				CLANG_WARN_OBJC_LITERAL_CONVERSION = YES;
				CLANG_WARN_OBJC_ROOT_CLASS = YES_ERROR;
				CLANG_WARN_QUOTED_INCLUDE_IN_FRAMEWORK_HEADER = YES;
				CLANG_WARN_RANGE_LOOP_ANALYSIS = YES;
				CLANG_WARN_STRICT_PROTOTYPES = YES;
				CLANG_WARN_SUSPICIOUS_MOVE = YES;
				CLANG_WARN_UNGUARDED_AVAILABILITY = YES_AGGRESSIVE;
				CLANG_WARN_UNREACHABLE_CODE = YES;
				CLANG_WARN__DUPLICATE_METHOD_MATCH = YES;
				COPY_PHASE_STRIP = NO;
				DEBUG_INFORMATION_FORMAT = "dwarf-with-dsym";
				ENABLE_NS_ASSERTIONS = NO;
				ENABLE_STRICT_OBJC_MSGSEND = YES;
				GCC_C_LANGUAGE_STANDARD = gnu11;
				GCC_NO_COMMON_BLOCKS = YES;
				GCC_WARN_64_TO_32_BIT_CONVERSION = YES;
				GCC_WARN_ABOUT_RETURN_TYPE = YES_ERROR;
				GCC_WARN_UNDECLARED_SELECTOR = YES;
				GCC_WARN_UNINITIALIZED_AUTOS = YES_AGGRESSIVE;
				GCC_WARN_UNUSED_FUNCTION = YES;
				GCC_WARN_UNUSED_VARIABLE = YES;
				IPHONEOS_DEPLOYMENT_TARGET = 15.4;
				MTL_ENABLE_DEBUG_INFO = NO;
				MTL_FAST_MATH = YES;
				SDKROOT = iphoneos;
				SWIFT_COMPILATION_MODE = wholemodule;
				SWIFT_OPTIMIZATION_LEVEL = "-O";
				VALIDATE_PRODUCT = YES;
			};
			name = Release;
		};
		AA743B3828227DD200CE4E1F /* Debug */ = {
			isa = XCBuildConfiguration;
			buildSettings = {
				ASSETCATALOG_COMPILER_APPICON_NAME = AppIcon;
				ASSETCATALOG_COMPILER_GLOBAL_ACCENT_COLOR_NAME = AccentColor;
				CODE_SIGN_STYLE = Automatic;
				CURRENT_PROJECT_VERSION = 1;
				DEVELOPMENT_ASSET_PATHS = "\"Test/Preview Content\"";
				DEVELOPMENT_TEAM = 2YZNV7T8G9;
				ENABLE_PREVIEWS = YES;
				GENERATE_INFOPLIST_FILE = YES;
				INFOPLIST_KEY_UIApplicationSceneManifest_Generation = YES;
				INFOPLIST_KEY_UIApplicationSupportsIndirectInputEvents = YES;
				INFOPLIST_KEY_UILaunchScreen_Generation = YES;
				INFOPLIST_KEY_UISupportedInterfaceOrientations_iPad = "UIInterfaceOrientationPortrait UIInterfaceOrientationPortraitUpsideDown UIInterfaceOrientationLandscapeLeft UIInterfaceOrientationLandscapeRight";
				INFOPLIST_KEY_UISupportedInterfaceOrientations_iPhone = "UIInterfaceOrientationPortrait UIInterfaceOrientationLandscapeLeft UIInterfaceOrientationLandscapeRight";
				LD_RUNPATH_SEARCH_PATHS = (
					"$(inherited)",
					"@executable_path/Frameworks",
				);
				MARKETING_VERSION = 1.0;
				PRODUCT_BUNDLE_IDENTIFIER = oops.Test;
				PRODUCT_NAME = "SwiftUI-List-Witout-Padding";
				SWIFT_EMIT_LOC_STRINGS = YES;
				SWIFT_VERSION = 5.0;
				TARGETED_DEVICE_FAMILY = "1,2";
			};
			name = Debug;
		};
		AA743B3928227DD200CE4E1F /* Release */ = {
			isa = XCBuildConfiguration;
			buildSettings = {
				ASSETCATALOG_COMPILER_APPICON_NAME = AppIcon;
				ASSETCATALOG_COMPILER_GLOBAL_ACCENT_COLOR_NAME = AccentColor;
				CODE_SIGN_STYLE = Automatic;
				CURRENT_PROJECT_VERSION = 1;
				DEVELOPMENT_ASSET_PATHS = "\"Test/Preview Content\"";
				DEVELOPMENT_TEAM = 2YZNV7T8G9;
				ENABLE_PREVIEWS = YES;
				GENERATE_INFOPLIST_FILE = YES;
				INFOPLIST_KEY_UIApplicationSceneManifest_Generation = YES;
				INFOPLIST_KEY_UIApplicationSupportsIndirectInputEvents = YES;
				INFOPLIST_KEY_UILaunchScreen_Generation = YES;
				INFOPLIST_KEY_UISupportedInterfaceOrientations_iPad = "UIInterfaceOrientationPortrait UIInterfaceOrientationPortraitUpsideDown UIInterfaceOrientationLandscapeLeft UIInterfaceOrientationLandscapeRight";
				INFOPLIST_KEY_UISupportedInterfaceOrientations_iPhone = "UIInterfaceOrientationPortrait UIInterfaceOrientationLandscapeLeft UIInterfaceOrientationLandscapeRight";
				LD_RUNPATH_SEARCH_PATHS = (
					"$(inherited)",
					"@executable_path/Frameworks",
				);
				MARKETING_VERSION = 1.0;
				PRODUCT_BUNDLE_IDENTIFIER = oops.Test;
				PRODUCT_NAME = "SwiftUI-List-Witout-Padding";
				SWIFT_EMIT_LOC_STRINGS = YES;
				SWIFT_VERSION = 5.0;
				TARGETED_DEVICE_FAMILY = "1,2";
			};
			name = Release;
		};
		AA743B3B28227DD200CE4E1F /* Debug */ = {
			isa = XCBuildConfiguration;
			buildSettings = {
				ALWAYS_EMBED_SWIFT_STANDARD_LIBRARIES = YES;
				BUNDLE_LOADER = "$(TEST_HOST)";
				CODE_SIGN_STYLE = Automatic;
				CURRENT_PROJECT_VERSION = 1;
				DEVELOPMENT_TEAM = 2YZNV7T8G9;
				GENERATE_INFOPLIST_FILE = YES;
				IPHONEOS_DEPLOYMENT_TARGET = 15.4;
				MARKETING_VERSION = 1.0;
				PRODUCT_BUNDLE_IDENTIFIER = oops.TestTests;
				PRODUCT_NAME = "$(TARGET_NAME)";
				SWIFT_EMIT_LOC_STRINGS = NO;
				SWIFT_VERSION = 5.0;
				TARGETED_DEVICE_FAMILY = "1,2";
				TEST_HOST = "$(BUILT_PRODUCTS_DIR)/SwiftUI-Without-Padding.app/SwiftUI-Without-Padding";
			};
			name = Debug;
		};
		AA743B3C28227DD200CE4E1F /* Release */ = {
			isa = XCBuildConfiguration;
			buildSettings = {
				ALWAYS_EMBED_SWIFT_STANDARD_LIBRARIES = YES;
				BUNDLE_LOADER = "$(TEST_HOST)";
				CODE_SIGN_STYLE = Automatic;
				CURRENT_PROJECT_VERSION = 1;
				DEVELOPMENT_TEAM = 2YZNV7T8G9;
				GENERATE_INFOPLIST_FILE = YES;
				IPHONEOS_DEPLOYMENT_TARGET = 15.4;
				MARKETING_VERSION = 1.0;
				PRODUCT_BUNDLE_IDENTIFIER = oops.TestTests;
				PRODUCT_NAME = "$(TARGET_NAME)";
				SWIFT_EMIT_LOC_STRINGS = NO;
				SWIFT_VERSION = 5.0;
				TARGETED_DEVICE_FAMILY = "1,2";
				TEST_HOST = "$(BUILT_PRODUCTS_DIR)/SwiftUI-Without-Padding.app/SwiftUI-Without-Padding";
			};
			name = Release;
		};
		AA743B3E28227DD200CE4E1F /* Debug */ = {
			isa = XCBuildConfiguration;
			buildSettings = {
				ALWAYS_EMBED_SWIFT_STANDARD_LIBRARIES = YES;
				CODE_SIGN_STYLE = Automatic;
				CURRENT_PROJECT_VERSION = 1;
				DEVELOPMENT_TEAM = 2YZNV7T8G9;
				GENERATE_INFOPLIST_FILE = YES;
				MARKETING_VERSION = 1.0;
				PRODUCT_BUNDLE_IDENTIFIER = oops.TestUITests;
				PRODUCT_NAME = "$(TARGET_NAME)";
				SWIFT_EMIT_LOC_STRINGS = NO;
				SWIFT_VERSION = 5.0;
				TARGETED_DEVICE_FAMILY = "1,2";
				TEST_TARGET_NAME = Test;
			};
			name = Debug;
		};
		AA743B3F28227DD200CE4E1F /* Release */ = {
			isa = XCBuildConfiguration;
			buildSettings = {
				ALWAYS_EMBED_SWIFT_STANDARD_LIBRARIES = YES;
				CODE_SIGN_STYLE = Automatic;
				CURRENT_PROJECT_VERSION = 1;
				DEVELOPMENT_TEAM = 2YZNV7T8G9;
				GENERATE_INFOPLIST_FILE = YES;
				MARKETING_VERSION = 1.0;
				PRODUCT_BUNDLE_IDENTIFIER = oops.TestUITests;
				PRODUCT_NAME = "$(TARGET_NAME)";
				SWIFT_EMIT_LOC_STRINGS = NO;
				SWIFT_VERSION = 5.0;
				TARGETED_DEVICE_FAMILY = "1,2";
				TEST_TARGET_NAME = Test;
			};
			name = Release;
		};
/* End XCBuildConfiguration section */

/* Begin XCConfigurationList section */
		AA743B0E28227DD100CE4E1F /* Build configuration list for PBXProject "SwiftUI-Without-Padding" */ = {
			isa = XCConfigurationList;
			buildConfigurations = (
				AA743B3528227DD200CE4E1F /* Debug */,
				AA743B3628227DD200CE4E1F /* Release */,
			);
			defaultConfigurationIsVisible = 0;
			defaultConfigurationName = Release;
		};
		AA743B3728227DD200CE4E1F /* Build configuration list for PBXNativeTarget "SwiftUI-Without-Padding" */ = {
			isa = XCConfigurationList;
			buildConfigurations = (
				AA743B3828227DD200CE4E1F /* Debug */,
				AA743B3928227DD200CE4E1F /* Release */,
			);
			defaultConfigurationIsVisible = 0;
			defaultConfigurationName = Release;
		};
		AA743B3A28227DD200CE4E1F /* Build configuration list for PBXNativeTarget "SwiftUI-Without-PaddingSwiftUI-Without-Paddings" */ = {
			isa = XCConfigurationList;
			buildConfigurations = (
				AA743B3B28227DD200CE4E1F /* Debug */,
				AA743B3C28227DD200CE4E1F /* Release */,
			);
			defaultConfigurationIsVisible = 0;
			defaultConfigurationName = Release;
		};
		AA743B3D28227DD200CE4E1F /* Build configuration list for PBXNativeTarget "SwiftUI-Without-PaddingUISwiftUI-Without-Paddings" */ = {
			isa = XCConfigurationList;
			buildConfigurations = (
				AA743B3E28227DD200CE4E1F /* Debug */,
				AA743B3F28227DD200CE4E1F /* Release */,
			);
			defaultConfigurationIsVisible = 0;
			defaultConfigurationName = Release;
		};
/* End XCConfigurationList section */
	};
	rootObject = AA743B0B28227DD100CE4E1F /* Project object */;
}
